
Microsoft Visual Studio Solution File, Format Version 12.00
# Visual Studio Version 17
VisualStudioVersion = 17.7.34024.191
MinimumVisualStudioVersion = 10.0.40219.1
Project("{FAE04EC0-301F-11D3-BF4B-00C04F79EFBC}") = "QLBANHANG", "QLBANHANG\QLBANHANG.csproj", "{EF25EDE3-C8C4-4F1D-88EF-71114A3ADA21}"
EndProject
Project("{54435603-DBB4-11D2-8724-00A0C9A8B90C}") = "Setup1", "Setup1\Setup1.vdproj", "{6AD0E747-1F8A-4DC1-BDA3-FDD97254BADD}"
EndProject
Global
	GlobalSection(SolutionConfigurationPlatforms) = preSolution
		Debug|Any CPU = Debug|Any CPU
		Release|Any CPU = Release|Any CPU
	EndGlobalSection
	GlobalSection(ProjectConfigurationPlatforms) = postSolution
		{EF25EDE3-C8C4-4F1D-88EF-71114A3ADA21}.Debug|Any CPU.ActiveCfg = Debug|Any CPU
		{EF25EDE3-C8C4-4F1D-88EF-71114A3ADA21}.Debug|Any CPU.Build.0 = Debug|Any CPU
		{EF25EDE3-C8C4-4F1D-88EF-71114A3ADA21}.Release|Any CPU.ActiveCfg = Release|Any CPU
		{EF25EDE3-C8C4-4F1D-88EF-71114A3ADA21}.Release|Any CPU.Build.0 = Release|Any CPU
		{6AD0E747-1F8A-4DC1-BDA3-FDD97254BADD}.Debug|Any CPU.ActiveCfg = Debug
		{6AD0E747-1F8A-4DC1-BDA3-FDD97254BADD}.Release|Any CPU.ActiveCfg = Release
	EndGlobalSection
	GlobalSection(SolutionProperties) = preSolution
		HideSolutionNode = FALSE
	EndGlobalSection
	GlobalSection(ExtensibilityGlobals) = postSolution
		SolutionGuid = {FD747571-2831-433F-AE8E-113AF770F626}
	EndGlobalSection
EndGlobal
